
Microsoft Visual Studio Solution File, Format Version 12.00
# Visual Studio 15
VisualStudioVersion = 15.0.28307.329
MinimumVisualStudioVersion = 10.0.40219.1
Project("{FAE04EC0-301F-11D3-BF4B-00C04F79EFBC}") = "Dependo", "Dependo\Dependo.csproj", "{F79F12C9-ADB2-4666-81B4-956FB93B606F}"
EndProject
Global
	GlobalSection(SolutionConfigurationPlatforms) = preSolution
		Debug|Any CPU = Debug|Any CPU
		Release|Any CPU = Release|Any CPU
	EndGlobalSection
	GlobalSection(ProjectConfigurationPlatforms) = postSolution
		{F79F12C9-ADB2-4666-81B4-956FB93B606F}.Debug|Any CPU.ActiveCfg = Debug|Any CPU
		{F79F12C9-ADB2-4666-81B4-956FB93B606F}.Debug|Any CPU.Build.0 = Debug|Any CPU
		{F79F12C9-ADB2-4666-81B4-956FB93B606F}.Release|Any CPU.ActiveCfg = Release|Any CPU
		{F79F12C9-ADB2-4666-81B4-956FB93B606F}.Release|Any CPU.Build.0 = Release|Any CPU
	EndGlobalSection
	GlobalSection(SolutionProperties) = preSolution
		HideSolutionNode = FALSE
	EndGlobalSection
	GlobalSection(ExtensibilityGlobals) = postSolution
		SolutionGuid = {68D97FFA-456E-41EE-BC9B-B5B50888D303}
	EndGlobalSection
EndGlobal
